
Microsoft Visual Studio Solution File, Format Version 12.00
# Visual Studio Version 17
VisualStudioVersion = 17.12.35527.113 d17.12
MinimumVisualStudioVersion = 10.0.40219.1
Project("{FAE04EC0-301F-11D3-BF4B-00C04F79EFBC}") = "cvprojekt", "cvprojekt\cvprojekt.csproj", "{89CF80E9-AB48-40A5-89E6-D0EDCECD43BC}"
EndProject
Project("{FAE04EC0-301F-11D3-BF4B-00C04F79EFBC}") = "DataAccessLayer", "DataAccessLayer\DataAccessLayer.csproj", "{7CED11AA-EB39-4E2E-AFFA-F69542F397D9}"
EndProject
Project("{FAE04EC0-301F-11D3-BF4B-00C04F79EFBC}") = "Models", "Models\Models.csproj", "{67840E48-5C93-4BD0-A865-6BA561C66173}"
EndProject
Global
	GlobalSection(SolutionConfigurationPlatforms) = preSolution
		Debug|Any CPU = Debug|Any CPU
		Release|Any CPU = Release|Any CPU
	EndGlobalSection
	GlobalSection(ProjectConfigurationPlatforms) = postSolution
		{89CF80E9-AB48-40A5-89E6-D0EDCECD43BC}.Debug|Any CPU.ActiveCfg = Debug|Any CPU
		{89CF80E9-AB48-40A5-89E6-D0EDCECD43BC}.Debug|Any CPU.Build.0 = Debug|Any CPU
		{89CF80E9-AB48-40A5-89E6-D0EDCECD43BC}.Release|Any CPU.ActiveCfg = Release|Any CPU
		{89CF80E9-AB48-40A5-89E6-D0EDCECD43BC}.Release|Any CPU.Build.0 = Release|Any CPU
		{7CED11AA-EB39-4E2E-AFFA-F69542F397D9}.Debug|Any CPU.ActiveCfg = Debug|Any CPU
		{7CED11AA-EB39-4E2E-AFFA-F69542F397D9}.Debug|Any CPU.Build.0 = Debug|Any CPU
		{7CED11AA-EB39-4E2E-AFFA-F69542F397D9}.Release|Any CPU.ActiveCfg = Release|Any CPU
		{7CED11AA-EB39-4E2E-AFFA-F69542F397D9}.Release|Any CPU.Build.0 = Release|Any CPU
		{67840E48-5C93-4BD0-A865-6BA561C66173}.Debug|Any CPU.ActiveCfg = Debug|Any CPU
		{67840E48-5C93-4BD0-A865-6BA561C66173}.Debug|Any CPU.Build.0 = Debug|Any CPU
		{67840E48-5C93-4BD0-A865-6BA561C66173}.Release|Any CPU.ActiveCfg = Release|Any CPU
		{67840E48-5C93-4BD0-A865-6BA561C66173}.Release|Any CPU.Build.0 = Release|Any CPU
	EndGlobalSection
	GlobalSection(SolutionProperties) = preSolution
		HideSolutionNode = FALSE
	EndGlobalSection
EndGlobal
